
Microsoft Visual Studio Solution File, Format Version 12.00
# Visual Studio Version 17
VisualStudioVersion = 17.4.33205.214
MinimumVisualStudioVersion = 10.0.40219.1
Project("{888888A0-9F3D-457C-B088-3A5042F75D52}") = "oop", "oop\oop.pyproj", "{B89698B8-81B7-4EFB-8480-BA0577B0AF78}"
EndProject
Global
	GlobalSection(SolutionConfigurationPlatforms) = preSolution
		Debug|Any CPU = Debug|Any CPU
		Release|Any CPU = Release|Any CPU
	EndGlobalSection
	GlobalSection(ProjectConfigurationPlatforms) = postSolution
		{B89698B8-81B7-4EFB-8480-BA0577B0AF78}.Debug|Any CPU.ActiveCfg = Debug|Any CPU
		{B89698B8-81B7-4EFB-8480-BA0577B0AF78}.Release|Any CPU.ActiveCfg = Release|Any CPU
	EndGlobalSection
	GlobalSection(SolutionProperties) = preSolution
		HideSolutionNode = FALSE
	EndGlobalSection
	GlobalSection(ExtensibilityGlobals) = postSolution
		SolutionGuid = {520AC3AB-109D-4289-AC9E-49185DE45753}
	EndGlobalSection
EndGlobal
